
Microsoft Visual Studio Solution File, Format Version 12.00
# Visual Studio Version 16
VisualStudioVersion = 16.0.29411.108
MinimumVisualStudioVersion = 10.0.40219.1
Project("{9A19103F-16F7-4668-BE54-9A1E7A4F7556}") = "MinionNames", "MinionNames\MinionNames.csproj", "{6292AF3B-9438-4551-9C0A-8787D57A1995}"
EndProject
Project("{9A19103F-16F7-4668-BE54-9A1E7A4F7556}") = "VillainNames", "VillainNames\VillainNames.csproj", "{CEDD8919-E291-4CB9-B1F3-5452BDF40D21}"
EndProject
Project("{9A19103F-16F7-4668-BE54-9A1E7A4F7556}") = "Add Minion", "Add Minion\Add Minion.csproj", "{82E9A3F7-2F80-4DC2-BF05-324E8800AD3D}"
EndProject
Project("{9A19103F-16F7-4668-BE54-9A1E7A4F7556}") = "ChangeTownNamesCasing", "ChangeTownNamesCasing\ChangeTownNamesCasing.csproj", "{0BA9199D-EA53-43C8-916C-369ED7FE6C9C}"
EndProject
Project("{9A19103F-16F7-4668-BE54-9A1E7A4F7556}") = "RemoveVillain", "RemoveVillain\RemoveVillain.csproj", "{72D8C07C-F243-4715-989D-5902629E32A1}"
EndProject
Project("{FAE04EC0-301F-11D3-BF4B-00C04F79EFBC}") = "PrintAllMinionNames", "PrintAllMinionNames\PrintAllMinionNames.csproj", "{E4433D73-3AB2-4DF7-9DB1-629F5CFC395C}"
EndProject
Project("{FAE04EC0-301F-11D3-BF4B-00C04F79EFBC}") = "IncreaseMinionAge", "IncreaseMinionAge\IncreaseMinionAge.csproj", "{3CD8865D-A63E-4E78-9934-1DE1B6D63D5F}"
EndProject
Project("{FAE04EC0-301F-11D3-BF4B-00C04F79EFBC}") = "IncreaseAgeStoredProcedure", "IncreaseAgeStoredProcedure\IncreaseAgeStoredProcedure.csproj", "{D6D9764E-C973-4AE3-8AFF-A10C79D99598}"
EndProject
Global
	GlobalSection(SolutionConfigurationPlatforms) = preSolution
		Debug|Any CPU = Debug|Any CPU
		Release|Any CPU = Release|Any CPU
	EndGlobalSection
	GlobalSection(ProjectConfigurationPlatforms) = postSolution
		{6292AF3B-9438-4551-9C0A-8787D57A1995}.Debug|Any CPU.ActiveCfg = Debug|Any CPU
		{6292AF3B-9438-4551-9C0A-8787D57A1995}.Debug|Any CPU.Build.0 = Debug|Any CPU
		{6292AF3B-9438-4551-9C0A-8787D57A1995}.Release|Any CPU.ActiveCfg = Release|Any CPU
		{6292AF3B-9438-4551-9C0A-8787D57A1995}.Release|Any CPU.Build.0 = Release|Any CPU
		{CEDD8919-E291-4CB9-B1F3-5452BDF40D21}.Debug|Any CPU.ActiveCfg = Debug|Any CPU
		{CEDD8919-E291-4CB9-B1F3-5452BDF40D21}.Debug|Any CPU.Build.0 = Debug|Any CPU
		{CEDD8919-E291-4CB9-B1F3-5452BDF40D21}.Release|Any CPU.ActiveCfg = Release|Any CPU
		{CEDD8919-E291-4CB9-B1F3-5452BDF40D21}.Release|Any CPU.Build.0 = Release|Any CPU
		{82E9A3F7-2F80-4DC2-BF05-324E8800AD3D}.Debug|Any CPU.ActiveCfg = Debug|Any CPU
		{82E9A3F7-2F80-4DC2-BF05-324E8800AD3D}.Debug|Any CPU.Build.0 = Debug|Any CPU
		{82E9A3F7-2F80-4DC2-BF05-324E8800AD3D}.Release|Any CPU.ActiveCfg = Release|Any CPU
		{82E9A3F7-2F80-4DC2-BF05-324E8800AD3D}.Release|Any CPU.Build.0 = Release|Any CPU
		{0BA9199D-EA53-43C8-916C-369ED7FE6C9C}.Debug|Any CPU.ActiveCfg = Debug|Any CPU
		{0BA9199D-EA53-43C8-916C-369ED7FE6C9C}.Debug|Any CPU.Build.0 = Debug|Any CPU
		{0BA9199D-EA53-43C8-916C-369ED7FE6C9C}.Release|Any CPU.ActiveCfg = Release|Any CPU
		{0BA9199D-EA53-43C8-916C-369ED7FE6C9C}.Release|Any CPU.Build.0 = Release|Any CPU
		{72D8C07C-F243-4715-989D-5902629E32A1}.Debug|Any CPU.ActiveCfg = Debug|Any CPU
		{72D8C07C-F243-4715-989D-5902629E32A1}.Debug|Any CPU.Build.0 = Debug|Any CPU
		{72D8C07C-F243-4715-989D-5902629E32A1}.Release|Any CPU.ActiveCfg = Release|Any CPU
		{72D8C07C-F243-4715-989D-5902629E32A1}.Release|Any CPU.Build.0 = Release|Any CPU
		{E4433D73-3AB2-4DF7-9DB1-629F5CFC395C}.Debug|Any CPU.ActiveCfg = Debug|Any CPU
		{E4433D73-3AB2-4DF7-9DB1-629F5CFC395C}.Debug|Any CPU.Build.0 = Debug|Any CPU
		{E4433D73-3AB2-4DF7-9DB1-629F5CFC395C}.Release|Any CPU.ActiveCfg = Release|Any CPU
		{E4433D73-3AB2-4DF7-9DB1-629F5CFC395C}.Release|Any CPU.Build.0 = Release|Any CPU
		{3CD8865D-A63E-4E78-9934-1DE1B6D63D5F}.Debug|Any CPU.ActiveCfg = Debug|Any CPU
		{3CD8865D-A63E-4E78-9934-1DE1B6D63D5F}.Debug|Any CPU.Build.0 = Debug|Any CPU
		{3CD8865D-A63E-4E78-9934-1DE1B6D63D5F}.Release|Any CPU.ActiveCfg = Release|Any CPU
		{3CD8865D-A63E-4E78-9934-1DE1B6D63D5F}.Release|Any CPU.Build.0 = Release|Any CPU
		{D6D9764E-C973-4AE3-8AFF-A10C79D99598}.Debug|Any CPU.ActiveCfg = Debug|Any CPU
		{D6D9764E-C973-4AE3-8AFF-A10C79D99598}.Debug|Any CPU.Build.0 = Debug|Any CPU
		{D6D9764E-C973-4AE3-8AFF-A10C79D99598}.Release|Any CPU.ActiveCfg = Release|Any CPU
		{D6D9764E-C973-4AE3-8AFF-A10C79D99598}.Release|Any CPU.Build.0 = Release|Any CPU
	EndGlobalSection
	GlobalSection(SolutionProperties) = preSolution
		HideSolutionNode = FALSE
	EndGlobalSection
	GlobalSection(ExtensibilityGlobals) = postSolution
		SolutionGuid = {BA2DAB33-5000-46E2-B21C-CEB8FD71E73E}
	EndGlobalSection
EndGlobal
