
Microsoft Visual Studio Solution File, Format Version 12.00
# Visual Studio Version 16
VisualStudioVersion = 16.0.29411.108
MinimumVisualStudioVersion = 10.0.40219.1
Project("{9A19103F-16F7-4668-BE54-9A1E7A4F7556}") = "P03_SalesDatabase", "P03_SalesDatabase\P03_SalesDatabase.csproj", "{C1B47BB8-24E0-4D26-B4CB-4BF0E677F6CC}"
EndProject
Project("{FAE04EC0-301F-11D3-BF4B-00C04F79EFBC}") = "P01_HospitalDatabase", "P01_HospitalDatabase\P01_HospitalDatabase.csproj", "{6A671D0D-C364-4292-8FCB-F8B4BCCCA5BB}"
EndProject
Global
	GlobalSection(SolutionConfigurationPlatforms) = preSolution
		Debug|Any CPU = Debug|Any CPU
		Release|Any CPU = Release|Any CPU
	EndGlobalSection
	GlobalSection(ProjectConfigurationPlatforms) = postSolution
		{C1B47BB8-24E0-4D26-B4CB-4BF0E677F6CC}.Debug|Any CPU.ActiveCfg = Debug|Any CPU
		{C1B47BB8-24E0-4D26-B4CB-4BF0E677F6CC}.Debug|Any CPU.Build.0 = Debug|Any CPU
		{C1B47BB8-24E0-4D26-B4CB-4BF0E677F6CC}.Release|Any CPU.ActiveCfg = Release|Any CPU
		{C1B47BB8-24E0-4D26-B4CB-4BF0E677F6CC}.Release|Any CPU.Build.0 = Release|Any CPU
		{6A671D0D-C364-4292-8FCB-F8B4BCCCA5BB}.Debug|Any CPU.ActiveCfg = Debug|Any CPU
		{6A671D0D-C364-4292-8FCB-F8B4BCCCA5BB}.Debug|Any CPU.Build.0 = Debug|Any CPU
		{6A671D0D-C364-4292-8FCB-F8B4BCCCA5BB}.Release|Any CPU.ActiveCfg = Release|Any CPU
		{6A671D0D-C364-4292-8FCB-F8B4BCCCA5BB}.Release|Any CPU.Build.0 = Release|Any CPU
	EndGlobalSection
	GlobalSection(SolutionProperties) = preSolution
		HideSolutionNode = FALSE
	EndGlobalSection
	GlobalSection(ExtensibilityGlobals) = postSolution
		SolutionGuid = {EC4F07F8-3522-44CC-AE1A-E2C74EF372D7}
	EndGlobalSection
EndGlobal
